
Microsoft Visual Studio Solution File, Format Version 12.00
# Visual Studio 15
VisualStudioVersion = 15.0.33529.398
MinimumVisualStudioVersion = 10.0.40219.1
Project("{FAE04EC0-301F-11D3-BF4B-00C04F79EFBC}") = "SampleProjectPostTitle", "SampleProjectPostTitle\SampleProjectPostTitle.csproj", "{D0A79E8B-B66B-4B67-9A35-DA3EFA47CAD1}"
EndProject
Global
	GlobalSection(SolutionConfigurationPlatforms) = preSolution
		Debug|Any CPU = Debug|Any CPU
		Release|Any CPU = Release|Any CPU
	EndGlobalSection
	GlobalSection(ProjectConfigurationPlatforms) = postSolution
		{D0A79E8B-B66B-4B67-9A35-DA3EFA47CAD1}.Debug|Any CPU.ActiveCfg = Debug|Any CPU
		{D0A79E8B-B66B-4B67-9A35-DA3EFA47CAD1}.Debug|Any CPU.Build.0 = Debug|Any CPU
		{D0A79E8B-B66B-4B67-9A35-DA3EFA47CAD1}.Release|Any CPU.ActiveCfg = Release|Any CPU
		{D0A79E8B-B66B-4B67-9A35-DA3EFA47CAD1}.Release|Any CPU.Build.0 = Release|Any CPU
	EndGlobalSection
	GlobalSection(SolutionProperties) = preSolution
		HideSolutionNode = FALSE
	EndGlobalSection
	GlobalSection(ExtensibilityGlobals) = postSolution
		SolutionGuid = {4C4820C8-89B2-4B11-82C2-EF13FDEE8EE3}
	EndGlobalSection
EndGlobal
